
Microsoft Visual Studio Solution File, Format Version 12.00
# Visual Studio Version 16
VisualStudioVersion = 16.0.29409.12
MinimumVisualStudioVersion = 10.0.40219.1
Project("{FAE04EC0-301F-11D3-BF4B-00C04F79EFBC}") = "TETA", "TETA.csproj", "{B705E9AB-8898-4388-BD38-C04BA0F82F65}"
EndProject
Global
	GlobalSection(SolutionConfigurationPlatforms) = preSolution
		Debug|Any CPU = Debug|Any CPU
		Release|Any CPU = Release|Any CPU
	EndGlobalSection
	GlobalSection(ProjectConfigurationPlatforms) = postSolution
		{B705E9AB-8898-4388-BD38-C04BA0F82F65}.Debug|Any CPU.ActiveCfg = Debug|Any CPU
		{B705E9AB-8898-4388-BD38-C04BA0F82F65}.Debug|Any CPU.Build.0 = Debug|Any CPU
		{B705E9AB-8898-4388-BD38-C04BA0F82F65}.Release|Any CPU.ActiveCfg = Release|Any CPU
		{B705E9AB-8898-4388-BD38-C04BA0F82F65}.Release|Any CPU.Build.0 = Release|Any CPU
	EndGlobalSection
	GlobalSection(SolutionProperties) = preSolution
		HideSolutionNode = FALSE
	EndGlobalSection
	GlobalSection(ExtensibilityGlobals) = postSolution
		SolutionGuid = {5F4886F0-9B74-4AAE-ACBA-4FC6AB07B055}
	EndGlobalSection
EndGlobal
